{
    "_readme": [
        "This file locks the dependencies of your project to a known state",
        "Read more about it at https://getcomposer.org/doc/01-basic-usage.md#installing-dependencies",
        "This file is @generated automatically"
    ],
    "content-hash": "88894792d7dfab958af0524f82a1f4e1",
    "packages": [
        {
            "name": "mashape/unirest-php",
            "version": "v3.0.4",
            "source": {
                "type": "git",
                "url": "https://github.com/Mashape/unirest-php.git",
                "reference": "842c0f242dfaaf85f16b72e217bf7f7c19ab12cb"
            },
            "dist": {
                "type": "zip",
                "url": "https://api.github.com/repos/Mashape/unirest-php/zipball/842c0f242dfaaf85f16b72e217bf7f7c19ab12cb",
                "reference": "842c0f242dfaaf85f16b72e217bf7f7c19ab12cb",
                "shasum": ""
            },
            "require": {
                "ext-curl": "*",
                "php": ">=5.4.0"
            },
            "require-dev": {
                "codeclimate/php-test-reporter": "0.1.*",
                "phpunit/phpunit": "~4.4"
            },
            "suggest": {
                "ext-json": "Allows using JSON Bodies for sending and parsing requests"
            },
            "type": "library",
            "autoload": {
                "psr-0": {
                    "Unirest\\": "src/"
                }
            },
            "notification-url": "https://packagist.org/downloads/",
            "license": [
                "MIT"
            ],
            "description": "Unirest PHP",
            "homepage": "https://github.com/Mashape/unirest-php",
            "keywords": [
                "client",
                "curl",
                "http",
                "https",
                "rest"
            ],
            "time": "2016-08-11T17:49:21+00:00"
        },
        {
            "name": "pdeans/xml-builder",
            "version": "v1.0.1",
            "source": {
                "type": "git",
                "url": "https://github.com/pdeans/xml-builder.git",
                "reference": "8914814cc86f857e15bb0c7ff6ee1d03e255ebd4"
            },
            "dist": {
                "type": "zip",
                "url": "https://api.github.com/repos/pdeans/xml-builder/zipball/8914814cc86f857e15bb0c7ff6ee1d03e255ebd4",
                "reference": "8914814cc86f857e15bb0c7ff6ee1d03e255ebd4",
                "shasum": ""
            },
            "require": {
                "ext-xmlwriter": ">=0.1",
                "php": ">=5.3.3"
            },
            "type": "library",
            "autoload": {
                "psr-4": {
                    "pdeans\\Builders\\": "src/"
                }
            },
            "notification-url": "https://packagist.org/downloads/",
            "license": [
                "MIT"
            ],
            "authors": [
                {
                    "name": "Patrick Stearns",
                    "email": "pdeans1986@gmail.com",
                    "homepage": "http://patrickstearns.us"
                }
            ],
            "description": "Simple and lightweight library to make generating XML a breeze.",
            "keywords": [
                "builder",
                "writer",
                "xml",
                "xml builder",
                "xml generator",
                "xml writer"
            ],
            "time": "2018-01-15T07:29:29+00:00"
        }
    ],
    "packages-dev": [],
    "aliases": [],
    "minimum-stability": "stable",
    "stability-flags": [],
    "prefer-stable": false,
    "prefer-lowest": false,
    "platform": [],
    "platform-dev": []
}
